lockfileVersion: '9.0'

settings:
  autoInstallPeers: true
  excludeLinksFromLockfile: false

importers:

  .:
    dependencies:
      '@types/node':
        specifier: ^22.13.10
        version: 22.13.10
      '@types/ws':
        specifier: ^8.18.0
        version: 8.18.0
      typescript:
        specifier: ^5.8.2
        version: 5.8.2
      uWebSockets.js:
        specifier: github:uNetworking/uWebSockets.js#v20.51.0
        version: https://codeload.github.com/uNetworking/uWebSockets.js/tar.gz/6609a88ffa9a16ac5158046761356ce03250a0df
      ws:
        specifier: ^8.18.1
        version: 8.18.1

packages:

  '@types/node@22.13.10':
    resolution: {integrity: sha512-I6LPUvlRH+O6VRUqYOcMudhaIdUVWfsjnZavnsraHvpBwaEyMN29ry+0UVJhImYL16xsscu0aske3yA+uPOWfw==}

  '@types/ws@8.18.0':
    resolution: {integrity: sha512-8svvI3hMyvN0kKCJMvTJP/x6Y/EoQbepff882wL+Sn5QsXb3etnamgrJq4isrBxSJj5L2AuXcI0+bgkoAXGUJw==}

  typescript@5.8.2:
    resolution: {integrity: sha512-aJn6wq13/afZp/jT9QZmwEjDqqvSGp1VT5GVg+f/t6/oVyrgXM6BY1h9BRh/O5p3PlUPAe+WuiEZOmb/49RqoQ==}
    engines: {node: '>=14.17'}
    hasBin: true

  uWebSockets.js@https://codeload.github.com/uNetworking/uWebSockets.js/tar.gz/6609a88ffa9a16ac5158046761356ce03250a0df:
    resolution: {tarball: https://codeload.github.com/uNetworking/uWebSockets.js/tar.gz/6609a88ffa9a16ac5158046761356ce03250a0df}
    version: 20.51.0

  undici-types@6.20.0:
    resolution: {integrity: sha512-Ny6QZ2Nju20vw1SRHe3d9jVu6gJ+4e3+MMpqu7pqE5HT6WsTSlce++GQmK5UXS8mzV8DSYHrQH+Xrf2jVcuKNg==}

  ws@8.18.1:
    resolution: {integrity: sha512-RKW2aJZMXeMxVpnZ6bck+RswznaxmzdULiBr6KY7XkTnW8uvt0iT9H5DkHUChXrc+uurzwa0rVI16n/Xzjdz1w==}
    engines: {node: '>=10.0.0'}
    peerDependencies:
      bufferutil: ^4.0.1
      utf-8-validate: '>=5.0.2'
    peerDependenciesMeta:
      bufferutil:
        optional: true
      utf-8-validate:
        optional: true

snapshots:

  '@types/node@22.13.10':
    dependencies:
      undici-types: 6.20.0

  '@types/ws@8.18.0':
    dependencies:
      '@types/node': 22.13.10

  typescript@5.8.2: {}

  uWebSockets.js@https://codeload.github.com/uNetworking/uWebSockets.js/tar.gz/6609a88ffa9a16ac5158046761356ce03250a0df: {}

  undici-types@6.20.0: {}

  ws@8.18.1: {}
